
Microsoft Visual Studio Solution File, Format Version 12.00
# Visual Studio Version 17
VisualStudioVersion = 17.0.31903.59
MinimumVisualStudioVersion = 10.0.40219.1
Project("{FAE04EC0-301F-11D3-BF4B-00C04F79EFBC}") = "Spike001.WinUI", "Spike001.WinUI\Spike001.WinUI.csproj", "{C824003E-8A8A-4735-889F-DE1090763BCE}"
EndProject
Global
	GlobalSection(SolutionConfigurationPlatforms) = preSolution
		Debug|Any CPU = Debug|Any CPU
		Debug|x64 = Debug|x64
		Debug|x86 = Debug|x86
		Release|Any CPU = Release|Any CPU
		Release|x64 = Release|x64
		Release|x86 = Release|x86
	EndGlobalSection
	GlobalSection(ProjectConfigurationPlatforms) = postSolution
		{C824003E-8A8A-4735-889F-DE1090763BCE}.Debug|Any CPU.ActiveCfg = Debug|x86
		{C824003E-8A8A-4735-889F-DE1090763BCE}.Debug|Any CPU.Build.0 = Debug|x86
		{C824003E-8A8A-4735-889F-DE1090763BCE}.Debug|x64.ActiveCfg = Debug|x64
		{C824003E-8A8A-4735-889F-DE1090763BCE}.Debug|x64.Build.0 = Debug|x64
		{C824003E-8A8A-4735-889F-DE1090763BCE}.Debug|x86.ActiveCfg = Debug|x86
		{C824003E-8A8A-4735-889F-DE1090763BCE}.Debug|x86.Build.0 = Debug|x86
		{C824003E-8A8A-4735-889F-DE1090763BCE}.Release|Any CPU.ActiveCfg = Release|x86
		{C824003E-8A8A-4735-889F-DE1090763BCE}.Release|Any CPU.Build.0 = Release|x86
		{C824003E-8A8A-4735-889F-DE1090763BCE}.Release|x64.ActiveCfg = Release|x64
		{C824003E-8A8A-4735-889F-DE1090763BCE}.Release|x64.Build.0 = Release|x64
		{C824003E-8A8A-4735-889F-DE1090763BCE}.Release|x86.ActiveCfg = Release|x86
		{C824003E-8A8A-4735-889F-DE1090763BCE}.Release|x86.Build.0 = Release|x86
	EndGlobalSection
	GlobalSection(SolutionProperties) = preSolution
		HideSolutionNode = FALSE
	EndGlobalSection
EndGlobal
